
Microsoft Visual Studio Solution File, Format Version 12.00
# Visual Studio Version 16
VisualStudioVersion = 16.0.29613.14
MinimumVisualStudioVersion = 10.0.40219.1
Project("{9A19103F-16F7-4668-BE54-9A1E7A4F7556}") = "Pi.Web", "Pi.Web\Pi.Web.csproj", "{E8335229-4818-48B4-9F80-3E9637FE177D}"
EndProject
Project("{9A19103F-16F7-4668-BE54-9A1E7A4F7556}") = "Pi.Math", "Pi.Math\Pi.Math.csproj", "{AACF9B6A-4F7B-476B-A79C-F8F3888E8CFF}"
EndProject
Project("{FAE04EC0-301F-11D3-BF4B-00C04F79EFBC}") = "Pi.Runtime.NetFx", "Pi.Runtime.NetFx\Pi.Runtime.NetFx.csproj", "{F1F87A72-8292-4DCE-A60A-3961BD8F5AE2}"
EndProject
Project("{9A19103F-16F7-4668-BE54-9A1E7A4F7556}") = "Pi.Runtime", "Pi.Runtime\Pi.Runtime.csproj", "{30C2DC12-E4CF-49AD-AA08-E57C36344E66}"
EndProject
Project("{FAE04EC0-301F-11D3-BF4B-00C04F79EFBC}") = "Pi.Wcf", "Pi.Wcf\Pi.Wcf.csproj", "{59690821-73DA-42A6-9754-4A702E12FC3F}"
EndProject
Project("{2150E333-8FDC-42A3-9474-1A3956D46DE8}") = "Tests", "Tests", "{E29AF958-8FB3-456D-B858-A671ADC86B66}"
EndProject
Project("{FAE04EC0-301F-11D3-BF4B-00C04F79EFBC}") = "Pi.Math.Tests", "Pi.Math.Tests\Pi.Math.Tests.csproj", "{94A68E34-6207-4767-B573-56BE00D10AC1}"
EndProject
Project("{FAE04EC0-301F-11D3-BF4B-00C04F79EFBC}") = "Pi.Runtime.Tests", "Pi.Runtime.Tests\Pi.Runtime.Tests.csproj", "{C3C9006D-4B01-43FB-B970-3F36D9530CB1}"
EndProject
Global
	GlobalSection(SolutionConfigurationPlatforms) = preSolution
		Debug|Any CPU = Debug|Any CPU
		Release|Any CPU = Release|Any CPU
	EndGlobalSection
	GlobalSection(ProjectConfigurationPlatforms) = postSolution
		{E8335229-4818-48B4-9F80-3E9637FE177D}.Debug|Any CPU.ActiveCfg = Debug|Any CPU
		{E8335229-4818-48B4-9F80-3E9637FE177D}.Debug|Any CPU.Build.0 = Debug|Any CPU
		{E8335229-4818-48B4-9F80-3E9637FE177D}.Release|Any CPU.ActiveCfg = Release|Any CPU
		{E8335229-4818-48B4-9F80-3E9637FE177D}.Release|Any CPU.Build.0 = Release|Any CPU
		{AACF9B6A-4F7B-476B-A79C-F8F3888E8CFF}.Debug|Any CPU.ActiveCfg = Debug|Any CPU
		{AACF9B6A-4F7B-476B-A79C-F8F3888E8CFF}.Debug|Any CPU.Build.0 = Debug|Any CPU
		{AACF9B6A-4F7B-476B-A79C-F8F3888E8CFF}.Release|Any CPU.ActiveCfg = Release|Any CPU
		{AACF9B6A-4F7B-476B-A79C-F8F3888E8CFF}.Release|Any CPU.Build.0 = Release|Any CPU
		{F1F87A72-8292-4DCE-A60A-3961BD8F5AE2}.Debug|Any CPU.ActiveCfg = Debug|Any CPU
		{F1F87A72-8292-4DCE-A60A-3961BD8F5AE2}.Debug|Any CPU.Build.0 = Debug|Any CPU
		{F1F87A72-8292-4DCE-A60A-3961BD8F5AE2}.Release|Any CPU.ActiveCfg = Release|Any CPU
		{F1F87A72-8292-4DCE-A60A-3961BD8F5AE2}.Release|Any CPU.Build.0 = Release|Any CPU
		{30C2DC12-E4CF-49AD-AA08-E57C36344E66}.Debug|Any CPU.ActiveCfg = Debug|Any CPU
		{30C2DC12-E4CF-49AD-AA08-E57C36344E66}.Debug|Any CPU.Build.0 = Debug|Any CPU
		{30C2DC12-E4CF-49AD-AA08-E57C36344E66}.Release|Any CPU.ActiveCfg = Release|Any CPU
		{30C2DC12-E4CF-49AD-AA08-E57C36344E66}.Release|Any CPU.Build.0 = Release|Any CPU
		{59690821-73DA-42A6-9754-4A702E12FC3F}.Debug|Any CPU.ActiveCfg = Debug|Any CPU
		{59690821-73DA-42A6-9754-4A702E12FC3F}.Debug|Any CPU.Build.0 = Debug|Any CPU
		{59690821-73DA-42A6-9754-4A702E12FC3F}.Release|Any CPU.ActiveCfg = Release|Any CPU
		{59690821-73DA-42A6-9754-4A702E12FC3F}.Release|Any CPU.Build.0 = Release|Any CPU
		{94A68E34-6207-4767-B573-56BE00D10AC1}.Debug|Any CPU.ActiveCfg = Debug|Any CPU
		{94A68E34-6207-4767-B573-56BE00D10AC1}.Debug|Any CPU.Build.0 = Debug|Any CPU
		{94A68E34-6207-4767-B573-56BE00D10AC1}.Release|Any CPU.ActiveCfg = Release|Any CPU
		{94A68E34-6207-4767-B573-56BE00D10AC1}.Release|Any CPU.Build.0 = Release|Any CPU
		{C3C9006D-4B01-43FB-B970-3F36D9530CB1}.Debug|Any CPU.ActiveCfg = Debug|Any CPU
		{C3C9006D-4B01-43FB-B970-3F36D9530CB1}.Debug|Any CPU.Build.0 = Debug|Any CPU
		{C3C9006D-4B01-43FB-B970-3F36D9530CB1}.Release|Any CPU.ActiveCfg = Release|Any CPU
		{C3C9006D-4B01-43FB-B970-3F36D9530CB1}.Release|Any CPU.Build.0 = Release|Any CPU
	EndGlobalSection
	GlobalSection(SolutionProperties) = preSolution
		HideSolutionNode = FALSE
	EndGlobalSection
	GlobalSection(NestedProjects) = preSolution
		{94A68E34-6207-4767-B573-56BE00D10AC1} = {E29AF958-8FB3-456D-B858-A671ADC86B66}
		{C3C9006D-4B01-43FB-B970-3F36D9530CB1} = {E29AF958-8FB3-456D-B858-A671ADC86B66}
	EndGlobalSection
	GlobalSection(ExtensibilityGlobals) = postSolution
		SolutionGuid = {EF8CB43B-0D09-4AD5-B7A2-267450FB7BC2}
	EndGlobalSection
EndGlobal
